
Microsoft Visual Studio Solution File, Format Version 12.00
# Visual Studio Version 17
VisualStudioVersion = 17.4.33213.308
MinimumVisualStudioVersion = 10.0.40219.1
Project("{FAE04EC0-301F-11D3-BF4B-00C04F79EFBC}") = "ADODemo", "ADODemo.csproj", "{DFF00991-7A28-4ED9-A422-22938CCD92E8}"
EndProject
Global
	GlobalSection(SolutionConfigurationPlatforms) = preSolution
		Debug|Any CPU = Debug|Any CPU
		Release|Any CPU = Release|Any CPU
	EndGlobalSection
	GlobalSection(ProjectConfigurationPlatforms) = postSolution
		{DFF00991-7A28-4ED9-A422-22938CCD92E8}.Debug|Any CPU.ActiveCfg = Debug|Any CPU
		{DFF00991-7A28-4ED9-A422-22938CCD92E8}.Debug|Any CPU.Build.0 = Debug|Any CPU
		{DFF00991-7A28-4ED9-A422-22938CCD92E8}.Release|Any CPU.ActiveCfg = Release|Any CPU
		{DFF00991-7A28-4ED9-A422-22938CCD92E8}.Release|Any CPU.Build.0 = Release|Any CPU
	EndGlobalSection
	GlobalSection(SolutionProperties) = preSolution
		HideSolutionNode = FALSE
	EndGlobalSection
	GlobalSection(ExtensibilityGlobals) = postSolution
		SolutionGuid = {263B9CB7-C891-40FF-AED1-84EAAA8BDD70}
	EndGlobalSection
EndGlobal
