
Microsoft Visual Studio Solution File, Format Version 12.00
# Visual Studio Version 17
VisualStudioVersion = 17.4.33213.308
MinimumVisualStudioVersion = 10.0.40219.1
Project("{FAE04EC0-301F-11D3-BF4B-00C04F79EFBC}") = "WinFormsApp1", "WinFormsApp1.csproj", "{31C9151E-9184-4BB3-9243-67E46D6F241D}"
EndProject
Global
	GlobalSection(SolutionConfigurationPlatforms) = preSolution
		Debug|Any CPU = Debug|Any CPU
		Release|Any CPU = Release|Any CPU
	EndGlobalSection
	GlobalSection(ProjectConfigurationPlatforms) = postSolution
		{31C9151E-9184-4BB3-9243-67E46D6F241D}.Debug|Any CPU.ActiveCfg = Debug|Any CPU
		{31C9151E-9184-4BB3-9243-67E46D6F241D}.Debug|Any CPU.Build.0 = Debug|Any CPU
		{31C9151E-9184-4BB3-9243-67E46D6F241D}.Release|Any CPU.ActiveCfg = Release|Any CPU
		{31C9151E-9184-4BB3-9243-67E46D6F241D}.Release|Any CPU.Build.0 = Release|Any CPU
	EndGlobalSection
	GlobalSection(SolutionProperties) = preSolution
		HideSolutionNode = FALSE
	EndGlobalSection
	GlobalSection(ExtensibilityGlobals) = postSolution
		SolutionGuid = {8863DAD8-F600-4DFE-855F-8C871FE8FDD1}
	EndGlobalSection
EndGlobal
