
Microsoft Visual Studio Solution File, Format Version 12.00
# Visual Studio Version 17
VisualStudioVersion = 17.4.33213.308
MinimumVisualStudioVersion = 10.0.40219.1
Project("{FAE04EC0-301F-11D3-BF4B-00C04F79EFBC}") = "ConsoleApp1", "ConsoleApp1\ConsoleApp1.csproj", "{92BC8CB5-2377-41F0-A5AB-1289FF7C08BC}"
EndProject
Global
	GlobalSection(SolutionConfigurationPlatforms) = preSolution
		Debug|Any CPU = Debug|Any CPU
		Release|Any CPU = Release|Any CPU
	EndGlobalSection
	GlobalSection(ProjectConfigurationPlatforms) = postSolution
		{92BC8CB5-2377-41F0-A5AB-1289FF7C08BC}.Debug|Any CPU.ActiveCfg = Debug|Any CPU
		{92BC8CB5-2377-41F0-A5AB-1289FF7C08BC}.Debug|Any CPU.Build.0 = Debug|Any CPU
		{92BC8CB5-2377-41F0-A5AB-1289FF7C08BC}.Release|Any CPU.ActiveCfg = Release|Any CPU
		{92BC8CB5-2377-41F0-A5AB-1289FF7C08BC}.Release|Any CPU.Build.0 = Release|Any CPU
	EndGlobalSection
	GlobalSection(SolutionProperties) = preSolution
		HideSolutionNode = FALSE
	EndGlobalSection
	GlobalSection(ExtensibilityGlobals) = postSolution
		SolutionGuid = {316E009F-348F-422D-B431-7B299C9CCF02}
	EndGlobalSection
EndGlobal
